
Microsoft Visual Studio Solution File, Format Version 12.00
# Visual Studio Version 16
VisualStudioVersion = 16.0.28621.142
MinimumVisualStudioVersion = 10.0.40219.1
Project("{FAE04EC0-301F-11D3-BF4B-00C04F79EFBC}") = "UrlLegalSlugTests", "UrlLegalSlugTests\UrlLegalSlugTests.csproj", "{A43F3B59-C93C-4661-9B41-BC3380C79E86}"
EndProject
Global
	GlobalSection(SolutionConfigurationPlatforms) = preSolution
		Debug|Any CPU = Debug|Any CPU
		Release|Any CPU = Release|Any CPU
	EndGlobalSection
	GlobalSection(ProjectConfigurationPlatforms) = postSolution
		{A43F3B59-C93C-4661-9B41-BC3380C79E86}.Debug|Any CPU.ActiveCfg = Debug|Any CPU
		{A43F3B59-C93C-4661-9B41-BC3380C79E86}.Debug|Any CPU.Build.0 = Debug|Any CPU
		{A43F3B59-C93C-4661-9B41-BC3380C79E86}.Release|Any CPU.ActiveCfg = Release|Any CPU
		{A43F3B59-C93C-4661-9B41-BC3380C79E86}.Release|Any CPU.Build.0 = Release|Any CPU
	EndGlobalSection
	GlobalSection(SolutionProperties) = preSolution
		HideSolutionNode = FALSE
	EndGlobalSection
	GlobalSection(ExtensibilityGlobals) = postSolution
		SolutionGuid = {97BE569B-9B4C-4252-A15F-B5A101895641}
	EndGlobalSection
EndGlobal
